{
  "nodes": {
    "nixpkgs": {
      "locked": {
        "lastModified": 1761672384,
        "narHash": "sha256-o9KF3DJL7g7iYMZq9SWgfS1BFlNbsm6xplRjVlOCkXI=",
        "owner": "nixos",
        "repo": "nixpkgs",
        "rev": "08dacfca559e1d7da38f3cf05f1f45ee9bfd213c",
        "type": "github"
      },
      "original": {
        "owner": "nixos",
        "ref": "nixos-unstable",
        "repo": "nixpkgs",
        "type": "github"
      }
    },
    "root": {
      "inputs": {
        "nixpkgs": "nixpkgs"
      }
    }
  },
  "root": "root",
  "version": 7
}
